// !$*UTF8*$!
{
	archiveVersion = 1;
	classes = {
	};
	objectVersion = 46;
	objects = {

/* Begin PBXBuildFile section */
		2C68564F1D743BE7004E25CF /* AVFoundation.framework in Frameworks */ = {isa = PBXBuildFile; fileRef = 2C68564E1D743BE7004E25CF /* AVFoundation.framework */; };
		2C8B06511D87AA0000118D3E /* GCGiftCollectCell.m in Sources */ = {isa = PBXBuildFile; fileRef = 2C8B064F1D87AA0000118D3E /* GCGiftCollectCell.m */; };
		2C8B06521D87AA0000118D3E /* GCGiftCollectCell.xib in Resources */ = {isa = PBXBuildFile; fileRef = 2C8B06501D87AA0000118D3E /* GCGiftCollectCell.xib */; };
		2C8B06591D87D30500118D3E /* YF_Collect_UpLoad.png in Resources */ = {isa = PBXBuildFile; fileRef = 2C8B06581D87D30500118D3E /* YF_Collect_UpLoad.png */; };
		2C8B065B1D880ACA00118D3E /* startPress.png in Resources */ = {isa = PBXBuildFile; fileRef = 2C8B065A1D880ACA00118D3E /* startPress.png */; };
		2CA8F93B1D74240700A58FD8 /* main.m in Sources */ = {isa = PBXBuildFile; fileRef = 2CA8F93A1D74240700A58FD8 /* main.m */; };
		2CA8F93E1D74240700A58FD8 /* AppDelegate.m in Sources */ = {isa = PBXBuildFile; fileRef = 2CA8F93D1D74240700A58FD8 /* AppDelegate.m */; };
		2CA8F9411D74240700A58FD8 /* ViewController.m in Sources */ = {isa = PBXBuildFile; fileRef = 2CA8F9401D74240700A58FD8 /* ViewController.m */; };
		2CA8F9441D74240700A58FD8 /* Main.storyboard in Resources */ = {isa = PBXBuildFile; fileRef = 2CA8F9421D74240700A58FD8 /* Main.storyboard */; };
		2CA8F9461D74240700A58FD8 /* Assets.xcassets in Resources */ = {isa = PBXBuildFile; fileRef = 2CA8F9451D74240700A58FD8 /* Assets.xcassets */; };
		2CA8F9491D74240700A58FD8 /* LaunchScreen.storyboard in Resources */ = {isa = PBXBuildFile; fileRef = 2CA8F9471D74240700A58FD8 /* LaunchScreen.storyboard */; };
		2CA8F9591D7427AD00A58FD8 /* WordListVCTL.m in Sources */ = {isa = PBXBuildFile; fileRef = 2CA8F9581D7427AD00A58FD8 /* WordListVCTL.m */; };
		2CA8F95B1D7427C100A58FD8 /* WordListVCTL.xib in Resources */ = {isa = PBXBuildFile; fileRef = 2CA8F95A1D7427C100A58FD8 /* WordListVCTL.xib */; };
		2CA8F95D1D7428BD00A58FD8 /* WordListView.xib in Resources */ = {isa = PBXBuildFile; fileRef = 2CA8F95C1D7428BD00A58FD8 /* WordListView.xib */; };
		2CA8F9601D74291A00A58FD8 /* WordCell.m in Sources */ = {isa = PBXBuildFile; fileRef = 2CA8F95F1D74291A00A58FD8 /* WordCell.m */; };
		2CA8F9631D74295900A58FD8 /* Word.m in Sources */ = {isa = PBXBuildFile; fileRef = 2CA8F9621D74295900A58FD8 /* Word.m */; };
		2CA8F9661D742A0200A58FD8 /* IDRNetworkManager.m in Sources */ = {isa = PBXBuildFile; fileRef = 2CA8F9651D742A0200A58FD8 /* IDRNetworkManager.m */; };
		2CA8F9691D742A0F00A58FD8 /* StoreMgr.m in Sources */ = {isa = PBXBuildFile; fileRef = 2CA8F9681D742A0F00A58FD8 /* StoreMgr.m */; };
		2CA8F96C1D742A5600A58FD8 /* IDRLogManager.m in Sources */ = {isa = PBXBuildFile; fileRef = 2CA8F96B1D742A5600A58FD8 /* IDRLogManager.m */; };
		F953B1794AD1E4D2B33332A3 /* libPods-WordFaster.a in Frameworks */ = {isa = PBXBuildFile; fileRef = A99600EA75ED18B5C7C417D2 /* libPods-WordFaster.a */; };
/* End PBXBuildFile section */

/* Begin PBXCopyFilesBuildPhase section */
		2CA8F9541D7425C500A58FD8 /* CopyFiles */ = {
			isa = PBXCopyFilesBuildPhase;
			buildActionMask = 2147483647;
			dstPath = "";
			dstSubfolderSpec = 10;
			files = (
			);
			runOnlyForDeploymentPostprocessing = 0;
		};
/* End PBXCopyFilesBuildPhase section */

/* Begin PBXFileReference section */
		2C68564E1D743BE7004E25CF /* AVFoundation.framework */ = {isa = PBXFileReference; lastKnownFileType = wrapper.framework; name = AVFoundation.framework; path = System/Library/Frameworks/AVFoundation.framework; sourceTree = SDKROOT; };
		2C8B064E1D87AA0000118D3E /* GCGiftCollectCell.h */ = {isa = PBXFileReference; fileEncoding = 4; lastKnownFileType = sourcecode.c.h; path = GCGiftCollectCell.h; sourceTree = "<group>"; };
		2C8B064F1D87AA0000118D3E /* GCGiftCollectCell.m */ = {isa = PBXFileReference; fileEncoding = 4; lastKnownFileType = sourcecode.c.objc; path = GCGiftCollectCell.m; sourceTree = "<group>"; };
		2C8B06501D87AA0000118D3E /* GCGiftCollectCell.xib */ = {isa = PBXFileReference; fileEncoding = 4; lastKnownFileType = file.xib; path = GCGiftCollectCell.xib; sourceTree = "<group>"; };
		2C8B06581D87D30500118D3E /* YF_Collect_UpLoad.png */ = {isa = PBXFileReference; lastKnownFileType = image.png; path = YF_Collect_UpLoad.png; sourceTree = "<group>"; };
		2C8B065A1D880ACA00118D3E /* startPress.png */ = {isa = PBXFileReference; lastKnownFileType = image.png; path = startPress.png; sourceTree = "<group>"; };
		2CA8F9361D74240700A58FD8 /* WordFaster.app */ = {isa = PBXFileReference; explicitFileType = wrapper.application; includeInIndex = 0; path = WordFaster.app; sourceTree = BUILT_PRODUCTS_DIR; };
		2CA8F93A1D74240700A58FD8 /* main.m */ = {isa = PBXFileReference; lastKnownFileType = sourcecode.c.objc; path = main.m; sourceTree = "<group>"; };
		2CA8F93C1D74240700A58FD8 /* AppDelegate.h */ = {isa = PBXFileReference; lastKnownFileType = sourcecode.c.h; path = AppDelegate.h; sourceTree = "<group>"; };
		2CA8F93D1D74240700A58FD8 /* AppDelegate.m */ = {isa = PBXFileReference; lastKnownFileType = sourcecode.c.objc; path = AppDelegate.m; sourceTree = "<group>"; };
		2CA8F93F1D74240700A58FD8 /* ViewController.h */ = {isa = PBXFileReference; lastKnownFileType = sourcecode.c.h; path = ViewController.h; sourceTree = "<group>"; };
		2CA8F9401D74240700A58FD8 /* ViewController.m */ = {isa = PBXFileReference; lastKnownFileType = sourcecode.c.objc; path = ViewController.m; sourceTree = "<group>"; };
		2CA8F9431D74240700A58FD8 /* Base */ = {isa = PBXFileReference; lastKnownFileType = file.storyboard; name = Base; path = Base.lproj/Main.storyboard; sourceTree = "<group>"; };
		2CA8F9451D74240700A58FD8 /* Assets.xcassets */ = {isa = PBXFileReference; lastKnownFileType = folder.assetcatalog; path = Assets.xcassets; sourceTree = "<group>"; };
		2CA8F9481D74240700A58FD8 /* Base */ = {isa = PBXFileReference; lastKnownFileType = file.storyboard; name = Base; path = Base.lproj/LaunchScreen.storyboard; sourceTree = "<group>"; };
		2CA8F94A1D74240700A58FD8 /* Info.plist */ = {isa = PBXFileReference; lastKnownFileType = text.plist.xml; path = Info.plist; sourceTree = "<group>"; };
		2CA8F9571D7427AD00A58FD8 /* WordListVCTL.h */ = {isa = PBXFileReference; fileEncoding = 4; lastKnownFileType = sourcecode.c.h; path = WordListVCTL.h; sourceTree = "<group>"; };
		2CA8F9581D7427AD00A58FD8 /* WordListVCTL.m */ = {isa = PBXFileReference; fileEncoding = 4; lastKnownFileType = sourcecode.c.objc; path = WordListVCTL.m; sourceTree = "<group>"; };
		2CA8F95A1D7427C100A58FD8 /* WordListVCTL.xib */ = {isa = PBXFileReference; fileEncoding = 4; lastKnownFileType = file.xib; path = WordListVCTL.xib; sourceTree = "<group>"; };
		2CA8F95C1D7428BD00A58FD8 /* WordListView.xib */ = {isa = PBXFileReference; fileEncoding = 4; lastKnownFileType = file.xib; path = WordListView.xib; sourceTree = "<group>"; };
		2CA8F95E1D74291A00A58FD8 /* WordCell.h */ = {isa = PBXFileReference; fileEncoding = 4; lastKnownFileType = sourcecode.c.h; path = WordCell.h; sourceTree = "<group>"; };
		2CA8F95F1D74291A00A58FD8 /* WordCell.m */ = {isa = PBXFileReference; fileEncoding = 4; lastKnownFileType = sourcecode.c.objc; path = WordCell.m; sourceTree = "<group>"; };
		2CA8F9611D74295900A58FD8 /* Word.h */ = {isa = PBXFileReference; fileEncoding = 4; lastKnownFileType = sourcecode.c.h; path = Word.h; sourceTree = "<group>"; };
		2CA8F9621D74295900A58FD8 /* Word.m */ = {isa = PBXFileReference; fileEncoding = 4; lastKnownFileType = sourcecode.c.objc; path = Word.m; sourceTree = "<group>"; };
		2CA8F9641D742A0200A58FD8 /* IDRNetworkManager.h */ = {isa = PBXFileReference; fileEncoding = 4; lastKnownFileType = sourcecode.c.h; path = IDRNetworkManager.h; sourceTree = "<group>"; };
		2CA8F9651D742A0200A58FD8 /* IDRNetworkManager.m */ = {isa = PBXFileReference; fileEncoding = 4; lastKnownFileType = sourcecode.c.objc; path = IDRNetworkManager.m; sourceTree = "<group>"; };
		2CA8F9671D742A0F00A58FD8 /* StoreMgr.h */ = {isa = PBXFileReference; fileEncoding = 4; lastKnownFileType = sourcecode.c.h; path = StoreMgr.h; sourceTree = "<group>"; };
		2CA8F9681D742A0F00A58FD8 /* StoreMgr.m */ = {isa = PBXFileReference; fileEncoding = 4; lastKnownFileType = sourcecode.c.objc; path = StoreMgr.m; sourceTree = "<group>"; };
		2CA8F96A1D742A5600A58FD8 /* IDRLogManager.h */ = {isa = PBXFileReference; fileEncoding = 4; lastKnownFileType = sourcecode.c.h; path = IDRLogManager.h; sourceTree = "<group>"; };
		2CA8F96B1D742A5600A58FD8 /* IDRLogManager.m */ = {isa = PBXFileReference; fileEncoding = 4; lastKnownFileType = sourcecode.c.objc; path = IDRLogManager.m; sourceTree = "<group>"; };
		A99600EA75ED18B5C7C417D2 /* libPods-WordFaster.a */ = {isa = PBXFileReference; explicitFileType = archive.ar; includeInIndex = 0; path = "libPods-WordFaster.a"; sourceTree = BUILT_PRODUCTS_DIR; };
		D9DE4A610DDB886D47368C31 /* Pods-WordFaster.release.xcconfig */ = {isa = PBXFileReference; includeInIndex = 1; lastKnownFileType = text.xcconfig; name = "Pods-WordFaster.release.xcconfig"; path = "Pods/Target Support Files/Pods-WordFaster/Pods-WordFaster.release.xcconfig"; sourceTree = "<group>"; };
		DF0B9815B6157B42A27D2183 /* Pods-WordFaster.debug.xcconfig */ = {isa = PBXFileReference; includeInIndex = 1; lastKnownFileType = text.xcconfig; name = "Pods-WordFaster.debug.xcconfig"; path = "Pods/Target Support Files/Pods-WordFaster/Pods-WordFaster.debug.xcconfig"; sourceTree = "<group>"; };
/* End PBXFileReference section */

/* Begin PBXFrameworksBuildPhase section */
		2CA8F9331D74240700A58FD8 /* Frameworks */ = {
			isa = PBXFrameworksBuildPhase;
			buildActionMask = 2147483647;
			files = (
				2C68564F1D743BE7004E25CF /* AVFoundation.framework in Frameworks */,
				F953B1794AD1E4D2B33332A3 /* libPods-WordFaster.a in Frameworks */,
			);
			runOnlyForDeploymentPostprocessing = 0;
		};
/* End PBXFrameworksBuildPhase section */

/* Begin PBXGroup section */
		2CA8F92D1D74240700A58FD8 = {
			isa = PBXGroup;
			children = (
				2C68564E1D743BE7004E25CF /* AVFoundation.framework */,
				2CA8F9381D74240700A58FD8 /* WordFaster */,
				2CA8F9371D74240700A58FD8 /* Products */,
				E44D4CCD8BC26E96027B63AD /* Pods */,
				BACD24412BA6E97A5C1998B6 /* Frameworks */,
			);
			sourceTree = "<group>";
		};
		2CA8F9371D74240700A58FD8 /* Products */ = {
			isa = PBXGroup;
			children = (
				2CA8F9361D74240700A58FD8 /* WordFaster.app */,
			);
			name = Products;
			sourceTree = "<group>";
		};
		2CA8F9381D74240700A58FD8 /* WordFaster */ = {
			isa = PBXGroup;
			children = (
				2C8B06581D87D30500118D3E /* YF_Collect_UpLoad.png */,
				2C8B064E1D87AA0000118D3E /* GCGiftCollectCell.h */,
				2C8B064F1D87AA0000118D3E /* GCGiftCollectCell.m */,
				2C8B06501D87AA0000118D3E /* GCGiftCollectCell.xib */,
				2CA8F96A1D742A5600A58FD8 /* IDRLogManager.h */,
				2CA8F96B1D742A5600A58FD8 /* IDRLogManager.m */,
				2CA8F9671D742A0F00A58FD8 /* StoreMgr.h */,
				2CA8F9681D742A0F00A58FD8 /* StoreMgr.m */,
				2CA8F9641D742A0200A58FD8 /* IDRNetworkManager.h */,
				2CA8F9651D742A0200A58FD8 /* IDRNetworkManager.m */,
				2CA8F93C1D74240700A58FD8 /* AppDelegate.h */,
				2CA8F93D1D74240700A58FD8 /* AppDelegate.m */,
				2CA8F93F1D74240700A58FD8 /* ViewController.h */,
				2CA8F9401D74240700A58FD8 /* ViewController.m */,
				2CA8F9421D74240700A58FD8 /* Main.storyboard */,
				2CA8F9451D74240700A58FD8 /* Assets.xcassets */,
				2CA8F9471D74240700A58FD8 /* LaunchScreen.storyboard */,
				2CA8F94A1D74240700A58FD8 /* Info.plist */,
				2CA8F9391D74240700A58FD8 /* Supporting Files */,
				2CA8F9571D7427AD00A58FD8 /* WordListVCTL.h */,
				2CA8F9581D7427AD00A58FD8 /* WordListVCTL.m */,
				2CA8F95A1D7427C100A58FD8 /* WordListVCTL.xib */,
				2CA8F95C1D7428BD00A58FD8 /* WordListView.xib */,
				2CA8F95E1D74291A00A58FD8 /* WordCell.h */,
				2CA8F95F1D74291A00A58FD8 /* WordCell.m */,
				2CA8F9611D74295900A58FD8 /* Word.h */,
				2CA8F9621D74295900A58FD8 /* Word.m */,
				2C8B065A1D880ACA00118D3E /* startPress.png */,
			);
			path = WordFaster;
			sourceTree = "<group>";
		};
		2CA8F9391D74240700A58FD8 /* Supporting Files */ = {
			isa = PBXGroup;
			children = (
				2CA8F93A1D74240700A58FD8 /* main.m */,
			);
			name = "Supporting Files";
			sourceTree = "<group>";
		};
		BACD24412BA6E97A5C1998B6 /* Frameworks */ = {
			isa = PBXGroup;
			children = (
				A99600EA75ED18B5C7C417D2 /* libPods-WordFaster.a */,
			);
			name = Frameworks;
			sourceTree = "<group>";
		};
		E44D4CCD8BC26E96027B63AD /* Pods */ = {
			isa = PBXGroup;
			children = (
				DF0B9815B6157B42A27D2183 /* Pods-WordFaster.debug.xcconfig */,
				D9DE4A610DDB886D47368C31 /* Pods-WordFaster.release.xcconfig */,
			);
			name = Pods;
			sourceTree = "<group>";
		};
/* End PBXGroup section */

/* Begin PBXNativeTarget section */
		2CA8F9351D74240700A58FD8 /* WordFaster */ = {
			isa = PBXNativeTarget;
			buildConfigurationList = 2CA8F94D1D74240700A58FD8 /* Build configuration list for PBXNativeTarget "WordFaster" */;
			buildPhases = (
				43512F7C58518964EB6C317C /* [CP] Check Pods Manifest.lock */,
				2CA8F9321D74240700A58FD8 /* Sources */,
				2CA8F9331D74240700A58FD8 /* Frameworks */,
				2CA8F9341D74240700A58FD8 /* Resources */,
				2CA8F9541D7425C500A58FD8 /* CopyFiles */,
				3EB6FE47196C4712B4CEE9A1 /* [CP] Embed Pods Frameworks */,
				931D8DBA61714A3B8B4CBAED /* [CP] Copy Pods Resources */,
			);
			buildRules = (
			);
			dependencies = (
			);
			name = WordFaster;
			productName = WordFaster;
			productReference = 2CA8F9361D74240700A58FD8 /* WordFaster.app */;
			productType = "com.apple.product-type.application";
		};
/* End PBXNativeTarget section */

/* Begin PBXProject section */
		2CA8F92E1D74240700A58FD8 /* Project object */ = {
			isa = PBXProject;
			attributes = {
				LastUpgradeCheck = 0730;
				ORGANIZATIONNAME = yellfun;
				TargetAttributes = {
					2CA8F9351D74240700A58FD8 = {
						CreatedOnToolsVersion = 7.3;
					};
				};
			};
			buildConfigurationList = 2CA8F9311D74240700A58FD8 /* Build configuration list for PBXProject "WordFaster" */;
			compatibilityVersion = "Xcode 3.2";
			developmentRegion = English;
			hasScannedForEncodings = 0;
			knownRegions = (
				en,
				Base,
			);
			mainGroup = 2CA8F92D1D74240700A58FD8;
			productRefGroup = 2CA8F9371D74240700A58FD8 /* Products */;
			projectDirPath = "";
			projectRoot = "";
			targets = (
				2CA8F9351D74240700A58FD8 /* WordFaster */,
			);
		};
/* End PBXProject section */

/* Begin PBXResourcesBuildPhase section */
		2CA8F9341D74240700A58FD8 /* Resources */ = {
			isa = PBXResourcesBuildPhase;
			buildActionMask = 2147483647;
			files = (
				2CA8F9491D74240700A58FD8 /* LaunchScreen.storyboard in Resources */,
				2C8B065B1D880ACA00118D3E /* startPress.png in Resources */,
				2CA8F9461D74240700A58FD8 /* Assets.xcassets in Resources */,
				2CA8F95B1D7427C100A58FD8 /* WordListVCTL.xib in Resources */,
				2CA8F95D1D7428BD00A58FD8 /* WordListView.xib in Resources */,
				2C8B06591D87D30500118D3E /* YF_Collect_UpLoad.png in Resources */,
				2C8B06521D87AA0000118D3E /* GCGiftCollectCell.xib in Resources */,
				2CA8F9441D74240700A58FD8 /* Main.storyboard in Resources */,
			);
			runOnlyForDeploymentPostprocessing = 0;
		};
/* End PBXResourcesBuildPhase section */

/* Begin PBXShellScriptBuildPhase section */
		3EB6FE47196C4712B4CEE9A1 /* [CP] Embed Pods Frameworks */ = {
			isa = PBXShellScriptBuildPhase;
			buildActionMask = 2147483647;
			files = (
			);
			inputPaths = (
			);
			name = "[CP] Embed Pods Frameworks";
			outputPaths = (
			);
			runOnlyForDeploymentPostprocessing = 0;
			shellPath = /bin/sh;
			shellScript = "\"${SRCROOT}/Pods/Target Support Files/Pods-WordFaster/Pods-WordFaster-frameworks.sh\"\n";
			showEnvVarsInLog = 0;
		};
		43512F7C58518964EB6C317C /* [CP] Check Pods Manifest.lock */ = {
			isa = PBXShellScriptBuildPhase;
			buildActionMask = 2147483647;
			files = (
			);
			inputPaths = (
			);
			name = "[CP] Check Pods Manifest.lock";
			outputPaths = (
			);
			runOnlyForDeploymentPostprocessing = 0;
			shellPath = /bin/sh;
			shellScript = "diff \"${PODS_ROOT}/../Podfile.lock\" \"${PODS_ROOT}/Manifest.lock\" > /dev/null\nif [[ $? != 0 ]] ; then\n    cat << EOM\nerror: The sandbox is not in sync with the Podfile.lock. Run 'pod install' or update your CocoaPods installation.\nEOM\n    exit 1\nfi\n";
			showEnvVarsInLog = 0;
		};
		931D8DBA61714A3B8B4CBAED /* [CP] Copy Pods Resources */ = {
			isa = PBXShellScriptBuildPhase;
			buildActionMask = 2147483647;
			files = (
			);
			inputPaths = (
			);
			name = "[CP] Copy Pods Resources";
			outputPaths = (
			);
			runOnlyForDeploymentPostprocessing = 0;
			shellPath = /bin/sh;
			shellScript = "\"${SRCROOT}/Pods/Target Support Files/Pods-WordFaster/Pods-WordFaster-resources.sh\"\n";
			showEnvVarsInLog = 0;
		};
/* End PBXShellScriptBuildPhase section */

/* Begin PBXSourcesBuildPhase section */
		2CA8F9321D74240700A58FD8 /* Sources */ = {
			isa = PBXSourcesBuildPhase;
			buildActionMask = 2147483647;
			files = (
				2CA8F9691D742A0F00A58FD8 /* StoreMgr.m in Sources */,
				2CA8F9661D742A0200A58FD8 /* IDRNetworkManager.m in Sources */,
				2C8B06511D87AA0000118D3E /* GCGiftCollectCell.m in Sources */,
				2CA8F9411D74240700A58FD8 /* ViewController.m in Sources */,
				2CA8F9631D74295900A58FD8 /* Word.m in Sources */,
				2CA8F93E1D74240700A58FD8 /* AppDelegate.m in Sources */,
				2CA8F9601D74291A00A58FD8 /* WordCell.m in Sources */,
				2CA8F96C1D742A5600A58FD8 /* IDRLogManager.m in Sources */,
				2CA8F9591D7427AD00A58FD8 /* WordListVCTL.m in Sources */,
				2CA8F93B1D74240700A58FD8 /* main.m in Sources */,
			);
			runOnlyForDeploymentPostprocessing = 0;
		};
/* End PBXSourcesBuildPhase section */

/* Begin PBXVariantGroup section */
		2CA8F9421D74240700A58FD8 /* Main.storyboard */ = {
			isa = PBXVariantGroup;
			children = (
				2CA8F9431D74240700A58FD8 /* Base */,
			);
			name = Main.storyboard;
			sourceTree = "<group>";
		};
		2CA8F9471D74240700A58FD8 /* LaunchScreen.storyboard */ = {
			isa = PBXVariantGroup;
			children = (
				2CA8F9481D74240700A58FD8 /* Base */,
			);
			name = LaunchScreen.storyboard;
			sourceTree = "<group>";
		};
/* End PBXVariantGroup section */

/* Begin XCBuildConfiguration section */
		2CA8F94B1D74240700A58FD8 /* Debug */ = {
			isa = XCBuildConfiguration;
			buildSettings = {
				ALWAYS_SEARCH_USER_PATHS = NO;
				CLANG_ANALYZER_NONNULL = YES;
				CLANG_CXX_LANGUAGE_STANDARD = "gnu++0x";
				CLANG_CXX_LIBRARY = "libc++";
				CLANG_ENABLE_MODULES = YES;
				CLANG_ENABLE_OBJC_ARC = YES;
				CLANG_WARN_BOOL_CONVERSION = YES;
				CLANG_WARN_CONSTANT_CONVERSION = YES;
				CLANG_WARN_DIRECT_OBJC_ISA_USAGE = YES_ERROR;
				CLANG_WARN_EMPTY_BODY = YES;
				CLANG_WARN_ENUM_CONVERSION = YES;
				CLANG_WARN_INT_CONVERSION = YES;
				CLANG_WARN_OBJC_ROOT_CLASS = YES_ERROR;
				CLANG_WARN_UNREACHABLE_CODE = YES;
				CLANG_WARN__DUPLICATE_METHOD_MATCH = YES;
				"CODE_SIGN_IDENTITY[sdk=iphoneos*]" = "iPhone Developer";
				COPY_PHASE_STRIP = NO;
				DEBUG_INFORMATION_FORMAT = dwarf;
				ENABLE_STRICT_OBJC_MSGSEND = YES;
				ENABLE_TESTABILITY = YES;
				GCC_C_LANGUAGE_STANDARD = gnu99;
				GCC_DYNAMIC_NO_PIC = NO;
				GCC_NO_COMMON_BLOCKS = YES;
				GCC_OPTIMIZATION_LEVEL = 0;
				GCC_PREPROCESSOR_DEFINITIONS = (
					"DEBUG=1",
					"$(inherited)",
				);
				GCC_WARN_64_TO_32_BIT_CONVERSION = YES;
				GCC_WARN_ABOUT_RETURN_TYPE = YES_ERROR;
				GCC_WARN_UNDECLARED_SELECTOR = YES;
				GCC_WARN_UNINITIALIZED_AUTOS = YES_AGGRESSIVE;
				GCC_WARN_UNUSED_FUNCTION = YES;
				GCC_WARN_UNUSED_VARIABLE = YES;
				IPHONEOS_DEPLOYMENT_TARGET = 9.3;
				MTL_ENABLE_DEBUG_INFO = YES;
				ONLY_ACTIVE_ARCH = YES;
				SDKROOT = iphoneos;
			};
			name = Debug;
		};
		2CA8F94C1D74240700A58FD8 /* Release */ = {
			isa = XCBuildConfiguration;
			buildSettings = {
				ALWAYS_SEARCH_USER_PATHS = NO;
				CLANG_ANALYZER_NONNULL = YES;
				CLANG_CXX_LANGUAGE_STANDARD = "gnu++0x";
				CLANG_CXX_LIBRARY = "libc++";
				CLANG_ENABLE_MODULES = YES;
				CLANG_ENABLE_OBJC_ARC = YES;
				CLANG_WARN_BOOL_CONVERSION = YES;
				CLANG_WARN_CONSTANT_CONVERSION = YES;
				CLANG_WARN_DIRECT_OBJC_ISA_USAGE = YES_ERROR;
				CLANG_WARN_EMPTY_BODY = YES;
				CLANG_WARN_ENUM_CONVERSION = YES;
				CLANG_WARN_INT_CONVERSION = YES;
				CLANG_WARN_OBJC_ROOT_CLASS = YES_ERROR;
				CLANG_WARN_UNREACHABLE_CODE = YES;
				CLANG_WARN__DUPLICATE_METHOD_MATCH = YES;
				"CODE_SIGN_IDENTITY[sdk=iphoneos*]" = "iPhone Developer";
				COPY_PHASE_STRIP = NO;
				DEBUG_INFORMATION_FORMAT = "dwarf-with-dsym";
				ENABLE_NS_ASSERTIONS = NO;
				ENABLE_STRICT_OBJC_MSGSEND = YES;
				GCC_C_LANGUAGE_STANDARD = gnu99;
				GCC_NO_COMMON_BLOCKS = YES;
				GCC_WARN_64_TO_32_BIT_CONVERSION = YES;
				GCC_WARN_ABOUT_RETURN_TYPE = YES_ERROR;
				GCC_WARN_UNDECLARED_SELECTOR = YES;
				GCC_WARN_UNINITIALIZED_AUTOS = YES_AGGRESSIVE;
				GCC_WARN_UNUSED_FUNCTION = YES;
				GCC_WARN_UNUSED_VARIABLE = YES;
				IPHONEOS_DEPLOYMENT_TARGET = 9.3;
				MTL_ENABLE_DEBUG_INFO = NO;
				SDKROOT = iphoneos;
				VALIDATE_PRODUCT = YES;
			};
			name = Release;
		};
		2CA8F94E1D74240700A58FD8 /* Debug */ = {
			isa = XCBuildConfiguration;
			baseConfigurationReference = DF0B9815B6157B42A27D2183 /* Pods-WordFaster.debug.xcconfig */;
			buildSettings = {
				ASSETCATALOG_COMPILER_APPICON_NAME = AppIcon;
				FRAMEWORK_SEARCH_PATHS = (
					"$(inherited)",
					"$(PROJECT_DIR)",
				);
				INFOPLIST_FILE = WordFaster/Info.plist;
				IPHONEOS_DEPLOYMENT_TARGET = 8.0;
				LD_RUNPATH_SEARCH_PATHS = "$(inherited) @executable_path/Frameworks";
				PRODUCT_BUNDLE_IDENTIFIER = com.yellfun.WordFaster;
				PRODUCT_NAME = "$(TARGET_NAME)";
			};
			name = Debug;
		};
		2CA8F94F1D74240700A58FD8 /* Release */ = {
			isa = XCBuildConfiguration;
			baseConfigurationReference = D9DE4A610DDB886D47368C31 /* Pods-WordFaster.release.xcconfig */;
			buildSettings = {
				ASSETCATALOG_COMPILER_APPICON_NAME = AppIcon;
				FRAMEWORK_SEARCH_PATHS = (
					"$(inherited)",
					"$(PROJECT_DIR)",
				);
				INFOPLIST_FILE = WordFaster/Info.plist;
				IPHONEOS_DEPLOYMENT_TARGET = 8.0;
				LD_RUNPATH_SEARCH_PATHS = "$(inherited) @executable_path/Frameworks";
				PRODUCT_BUNDLE_IDENTIFIER = com.yellfun.WordFaster;
				PRODUCT_NAME = "$(TARGET_NAME)";
			};
			name = Release;
		};
/* End XCBuildConfiguration section */

/* Begin XCConfigurationList section */
		2CA8F9311D74240700A58FD8 /* Build configuration list for PBXProject "WordFaster" */ = {
			isa = XCConfigurationList;
			buildConfigurations = (
				2CA8F94B1D74240700A58FD8 /* Debug */,
				2CA8F94C1D74240700A58FD8 /* Release */,
			);
			defaultConfigurationIsVisible = 0;
			defaultConfigurationName = Release;
		};
		2CA8F94D1D74240700A58FD8 /* Build configuration list for PBXNativeTarget "WordFaster" */ = {
			isa = XCConfigurationList;
			buildConfigurations = (
				2CA8F94E1D74240700A58FD8 /* Debug */,
				2CA8F94F1D74240700A58FD8 /* Release */,
			);
			defaultConfigurationIsVisible = 0;
			defaultConfigurationName = Release;
		};
/* End XCConfigurationList section */
	};
	rootObject = 2CA8F92E1D74240700A58FD8 /* Project object */;
}
